# This file is automatically @generated by Cargo.
# It is not intended for manual editing.
version = 4

[[package]]
name = "acpi"
version = "0.1.0"
dependencies = [
 "ddk",
]

[[package]]
name = "console"
version = "0.1.0"
dependencies = [
 "ddk",
]

[[package]]
name = "ddk"
version = "0.1.0"

[[package]]
name = "devfs"
version = "0.1.0"
dependencies = [
 "ddk",
]

[[package]]
name = "fdt"
version = "0.1.0"
dependencies = [
 "ddk",
]

[[package]]
name = "ioapic"
version = "0.1.0"
dependencies = [
 "ddk",
]

[[package]]
name = "pty"
version = "0.1.0"
dependencies = [
 "ddk",
]

[[package]]
name = "special"
version = "0.1.0"
dependencies = [
 "ddk",
]

[[package]]
name = "tmpfs"
version = "0.1.0"
dependencies = [
 "ddk",
]

[[package]]
name = "uart8250"
version = "0.1.0"
dependencies = [
 "ddk",
]
